{
  "version": "3",
  "remote": {
    "https://edge.netlify.com/": "ff84a16f192fdb43db8b9dff869889f555c05857d075044d2a7cfa54c283a0a0",
    "https://edge.netlify.com/bootstrap/config.ts": "0aa0a225d978b89e0e62cbd853701605199e7a84095e55eeb70147faf1a24803",
    "https://edge.netlify.com/bootstrap/context.ts": "8f99269eeeeccf9b852e6089cc648c962a0ea20b2198b8b38b38e3b2ce2b9143",
    "https://edge.netlify.com/bootstrap/cookie.ts": "8b0baae708989ca183c6f3b4ab3d029e6abcbc2e43f93edeb0ff447b3bbc3a05",
    "https://edge.netlify.com/bootstrap/edge_function.ts": "b8253e86aa83c67341f5cfedeba5049d77fbf84dcab7eceff7566b7728ae9b39",
    "https://edge.netlify.com/bootstrap/globals.ts": "38f9e0be6c2c78206bf14d2387d41964d38bbe81644b3668e203c6f6473408a7"
  },
  "workspace": {
    "packageJson": {
      "dependencies": [
        "npm:-@^0.0.1",
        "npm:@emotion/react@^11.11.0",
        "npm:@emotion/styled@^11.11.0",
        "npm:@headlessui/react@^1.6.6",
        "npm:@heroicons/react@^1.0.6",
        "npm:@mui/material@^5.12.3",
        "npm:@ray-core/redbox-react@^0.3.9",
        "npm:@testing-library/jest-dom@^5.16.4",
        "npm:@testing-library/react@^13.3.0",
        "npm:@testing-library/user-event@^13.5.0",
        "npm:@types/jest@^29.2.1",
        "npm:@types/node@^18.11.9",
        "npm:@types/react-dom@^18.0.8",
        "npm:@types/react@^18.0.24",
        "npm:@uidotdev/usehooks@^2.4.1",
        "npm:all@^0.0.0",
        "npm:autoprefixer@^10.4.7",
        "npm:axios@^1.4.0",
        "npm:bad-words@^3.0.4",
        "npm:body-parser@^1.19.0",
        "npm:bootstrap@^5.3.2",
        "npm:chart.js@^4.2.1",
        "npm:connect-timeout@^1.9.0",
        "npm:cors@^2.8.5",
        "npm:crypto-browserify@^3.12.0",
        "npm:daisyui@^4.8.0",
        "npm:date-fns@^3.3.1",
        "npm:daterangepicker@^3.1.0",
        "npm:dotenv@^16.4.5",
        "npm:express@^4.18.1",
        "npm:got@^13.0.0",
        "npm:html2canvas@^1.4.1",
        "npm:html5-qrcode@^2.3.8",
        "npm:jquery@^3.7.0",
        "npm:moment@^2.29.4",
        "npm:mssql@^8.1.2",
        "npm:next-barcode@^1.4.0",
        "npm:node-schedule@^2.1.1",
        "npm:node@^20.4.0",
        "npm:nodemon@^2.0.19",
        "npm:npm-run-all@^4.1.5",
        "npm:openai@^3.1.0",
        "npm:paste-from-excel@^1.0.5",
        "npm:postcss@^8.4.14",
        "npm:qrcode-generator@^1.4.4",
        "npm:qrcode.react@^3.1.0",
        "npm:qrcode@^1.5.0",
        "npm:react-bootstrap@^2.4.0",
        "npm:react-chartjs-2@^5.2.0",
        "npm:react-component-export-image@^1.0.6",
        "npm:react-data-grid@^7.0.0-beta.22",
        "npm:react-data-table-component@^7.5.3",
        "npm:react-dom@^18.2.0",
        "npm:react-google-charts@^4.0.1",
        "npm:react-media-hook@^0.5.0",
        "npm:react-moment@^1.1.2",
        "npm:react-number-format@^5.2.2",
        "npm:react-qr-code@^2.0.7",
        "npm:react-responsive@^9.0.2",
        "npm:react-router-dom@^6.3.0",
        "npm:react-scripts@5.0.1",
        "npm:react-to-print@^2.14.7",
        "npm:react@^18.2.0",
        "npm:request@^2.88.2",
        "npm:rsuite@^5.25.0",
        "npm:run@^1.4.0",
        "npm:stream-browserify@^3.0.0",
        "npm:stream@^0.0.2",
        "npm:styled-components@^6.1.8",
        "npm:tailwindcss@^3.1.5",
        "npm:typescript@^4.8.4",
        "npm:validator@^13.11.0",
        "npm:web-vitals@^2.1.4",
        "npm:xlsx-populate@^1.21.0",
        "npm:xlsx@^0.18.5"
      ]
    }
  }
}
